
Microsoft Visual Studio Solution File, Format Version 12.00
# Visual Studio Version 17
VisualStudioVersion = 17.7.33927.210
MinimumVisualStudioVersion = 10.0.40219.1
Project("{54A90642-561A-4BB1-A94E-469ADEE60C69}") = "JS", "JS\JS.esproj", "{24EF9D7D-D61E-47D5-852F-6C02021D5CAA}"
EndProject
Global
	GlobalSection(SolutionConfigurationPlatforms) = preSolution
		Debug|Any CPU = Debug|Any CPU
		Release|Any CPU = Release|Any CPU
	EndGlobalSection
	GlobalSection(ProjectConfigurationPlatforms) = postSolution
		{24EF9D7D-D61E-47D5-852F-6C02021D5CAA}.Debug|Any CPU.ActiveCfg = Debug|Any CPU
		{24EF9D7D-D61E-47D5-852F-6C02021D5CAA}.Debug|Any CPU.Build.0 = Debug|Any CPU
		{24EF9D7D-D61E-47D5-852F-6C02021D5CAA}.Debug|Any CPU.Deploy.0 = Debug|Any CPU
		{24EF9D7D-D61E-47D5-852F-6C02021D5CAA}.Release|Any CPU.ActiveCfg = Release|Any CPU
		{24EF9D7D-D61E-47D5-852F-6C02021D5CAA}.Release|Any CPU.Build.0 = Release|Any CPU
		{24EF9D7D-D61E-47D5-852F-6C02021D5CAA}.Release|Any CPU.Deploy.0 = Release|Any CPU
	EndGlobalSection
	GlobalSection(SolutionProperties) = preSolution
		HideSolutionNode = FALSE
	EndGlobalSection
	GlobalSection(ExtensibilityGlobals) = postSolution
		SolutionGuid = {2195995B-A51A-4F82-A41B-4C201B125A4A}
	EndGlobalSection
EndGlobal
